
Microsoft Visual Studio Solution File, Format Version 12.00
# Visual Studio Version 16
VisualStudioVersion = 16.0.30523.141
MinimumVisualStudioVersion = 10.0.40219.1
Project("{9A19103F-16F7-4668-BE54-9A1E7A4F7556}") = "Algorithms.Tests.Unit", "Algorithms.Tests.Unit\Algorithms.Tests.Unit.csproj", "{4DB87D4D-DB93-46CA-A1EC-48E1992CB32C}"
EndProject
Project("{9A19103F-16F7-4668-BE54-9A1E7A4F7556}") = "Algorithms", "Algorithms\Algorithms.csproj", "{10367409-F9F3-4784-9BF5-C96172F54348}"
EndProject
Project("{9A19103F-16F7-4668-BE54-9A1E7A4F7556}") = "Algorithms.Main", "Algorithms.Main\Algorithms.Main.csproj", "{89613803-6398-41A6-B746-7C829536287D}"
EndProject
Global
	GlobalSection(SolutionConfigurationPlatforms) = preSolution
		Debug|Any CPU = Debug|Any CPU
		Release|Any CPU = Release|Any CPU
	EndGlobalSection
	GlobalSection(ProjectConfigurationPlatforms) = postSolution
		{4DB87D4D-DB93-46CA-A1EC-48E1992CB32C}.Debug|Any CPU.ActiveCfg = Debug|Any CPU
		{4DB87D4D-DB93-46CA-A1EC-48E1992CB32C}.Debug|Any CPU.Build.0 = Debug|Any CPU
		{4DB87D4D-DB93-46CA-A1EC-48E1992CB32C}.Release|Any CPU.ActiveCfg = Release|Any CPU
		{4DB87D4D-DB93-46CA-A1EC-48E1992CB32C}.Release|Any CPU.Build.0 = Release|Any CPU
		{10367409-F9F3-4784-9BF5-C96172F54348}.Debug|Any CPU.ActiveCfg = Debug|Any CPU
		{10367409-F9F3-4784-9BF5-C96172F54348}.Debug|Any CPU.Build.0 = Debug|Any CPU
		{10367409-F9F3-4784-9BF5-C96172F54348}.Release|Any CPU.ActiveCfg = Release|Any CPU
		{10367409-F9F3-4784-9BF5-C96172F54348}.Release|Any CPU.Build.0 = Release|Any CPU
		{89613803-6398-41A6-B746-7C829536287D}.Debug|Any CPU.ActiveCfg = Debug|Any CPU
		{89613803-6398-41A6-B746-7C829536287D}.Debug|Any CPU.Build.0 = Debug|Any CPU
		{89613803-6398-41A6-B746-7C829536287D}.Release|Any CPU.ActiveCfg = Release|Any CPU
		{89613803-6398-41A6-B746-7C829536287D}.Release|Any CPU.Build.0 = Release|Any CPU
	EndGlobalSection
	GlobalSection(SolutionProperties) = preSolution
		HideSolutionNode = FALSE
	EndGlobalSection
	GlobalSection(ExtensibilityGlobals) = postSolution
		SolutionGuid = {AC6CE1F6-055A-4439-8F43-3CDD6CD4B150}
	EndGlobalSection
EndGlobal
